// !$*UTF8*$!
{
	archiveVersion = 1;
	classes = {
	};
	objectVersion = 46;
	objects = {

/* Begin PBXBuildFile section */
		239E56991B3C77C900EDC511 /* AppDelegate.swift in Sources */ = {isa = PBXBuildFile; fileRef = 239E56981B3C77C900EDC511 /* AppDelegate.swift */; };
		239E569B1B3C77C900EDC511 /* ViewController.swift in Sources */ = {isa = PBXBuildFile; fileRef = 239E569A1B3C77C900EDC511 /* ViewController.swift */; };
		239E569E1B3C77C900EDC511 /* Main.storyboard in Resources */ = {isa = PBXBuildFile; fileRef = 239E569C1B3C77C900EDC511 /* Main.storyboard */; };
		239E56A01B3C77C900EDC511 /* Images.xcassets in Resources */ = {isa = PBXBuildFile; fileRef = 239E569F1B3C77C900EDC511 /* Images.xcassets */; };
		239E56A31B3C77C900EDC511 /* LaunchScreen.xib in Resources */ = {isa = PBXBuildFile; fileRef = 239E56A11B3C77C900EDC511 /* LaunchScreen.xib */; };
		239E56AF1B3C77C900EDC511 /* Inspired_FlowTests.swift in Sources */ = {isa = PBXBuildFile; fileRef = 239E56AE1B3C77C900EDC511 /* Inspired_FlowTests.swift */; };
		63E87AC577663B354CB7E665 /* Pods_Inspired_Flow.framework in Frameworks */ = {isa = PBXBuildFile; fileRef = 199A43D8C1CDF5094C03E0F5 /* Pods_Inspired_Flow.framework */; settings = {ATTRIBUTES = (Weak, ); }; };
/* End PBXBuildFile section */

/* Begin PBXContainerItemProxy section */
		239E56A91B3C77C900EDC511 /* PBXContainerItemProxy */ = {
			isa = PBXContainerItemProxy;
			containerPortal = 239E568B1B3C77C900EDC511 /* Project object */;
			proxyType = 1;
			remoteGlobalIDString = 239E56921B3C77C900EDC511;
			remoteInfo = "Inspired-Flow";
		};
/* End PBXContainerItemProxy section */

/* Begin PBXFileReference section */
		199A43D8C1CDF5094C03E0F5 /* Pods_Inspired_Flow.framework */ = {isa = PBXFileReference; explicitFileType = wrapper.framework; includeInIndex = 0; path = Pods_Inspired_Flow.framework; sourceTree = BUILT_PRODUCTS_DIR; };
		239E56931B3C77C900EDC511 /* Inspired-Flow.app */ = {isa = PBXFileReference; explicitFileType = wrapper.application; includeInIndex = 0; path = "Inspired-Flow.app"; sourceTree = BUILT_PRODUCTS_DIR; };
		239E56971B3C77C900EDC511 /* Info.plist */ = {isa = PBXFileReference; lastKnownFileType = text.plist.xml; path = Info.plist; sourceTree = "<group>"; };
		239E56981B3C77C900EDC511 /* AppDelegate.swift */ = {isa = PBXFileReference; lastKnownFileType = sourcecode.swift; path = AppDelegate.swift; sourceTree = "<group>"; };
		239E569A1B3C77C900EDC511 /* ViewController.swift */ = {isa = PBXFileReference; lastKnownFileType = sourcecode.swift; path = ViewController.swift; sourceTree = "<group>"; };
		239E569D1B3C77C900EDC511 /* Base */ = {isa = PBXFileReference; lastKnownFileType = file.storyboard; name = Base; path = Base.lproj/Main.storyboard; sourceTree = "<group>"; };
		239E569F1B3C77C900EDC511 /* Images.xcassets */ = {isa = PBXFileReference; lastKnownFileType = folder.assetcatalog; path = Images.xcassets; sourceTree = "<group>"; };
		239E56A21B3C77C900EDC511 /* Base */ = {isa = PBXFileReference; lastKnownFileType = file.xib; name = Base; path = Base.lproj/LaunchScreen.xib; sourceTree = "<group>"; };
		239E56A81B3C77C900EDC511 /* Inspired-FlowTests.xctest */ = {isa = PBXFileReference; explicitFileType = wrapper.cfbundle; includeInIndex = 0; path = "Inspired-FlowTests.xctest"; sourceTree = BUILT_PRODUCTS_DIR; };
		239E56AD1B3C77C900EDC511 /* Info.plist */ = {isa = PBXFileReference; lastKnownFileType = text.plist.xml; path = Info.plist; sourceTree = "<group>"; };
		239E56AE1B3C77C900EDC511 /* Inspired_FlowTests.swift */ = {isa = PBXFileReference; lastKnownFileType = sourcecode.swift; path = Inspired_FlowTests.swift; sourceTree = "<group>"; };
		4BDA389F3177EEAA0D17E71D /* Pods-Inspired-Flow.release.xcconfig */ = {isa = PBXFileReference; includeInIndex = 1; lastKnownFileType = text.xcconfig; name = "Pods-Inspired-Flow.release.xcconfig"; path = "Pods/Target Support Files/Pods-Inspired-Flow/Pods-Inspired-Flow.release.xcconfig"; sourceTree = "<group>"; };
		6B92B8DA2560F20D6C78DA21 /* Pods-Inspired-Flow.debug.xcconfig */ = {isa = PBXFileReference; includeInIndex = 1; lastKnownFileType = text.xcconfig; name = "Pods-Inspired-Flow.debug.xcconfig"; path = "Pods/Target Support Files/Pods-Inspired-Flow/Pods-Inspired-Flow.debug.xcconfig"; sourceTree = "<group>"; };
/* End PBXFileReference section */

/* Begin PBXFrameworksBuildPhase section */
		239E56901B3C77C900EDC511 /* Frameworks */ = {
			isa = PBXFrameworksBuildPhase;
			buildActionMask = 2147483647;
			files = (
				63E87AC577663B354CB7E665 /* Pods_Inspired_Flow.framework in Frameworks */,
			);
			runOnlyForDeploymentPostprocessing = 0;
		};
		239E56A51B3C77C900EDC511 /* Frameworks */ = {
			isa = PBXFrameworksBuildPhase;
			buildActionMask = 2147483647;
			files = (
			);
			runOnlyForDeploymentPostprocessing = 0;
		};
/* End PBXFrameworksBuildPhase section */

/* Begin PBXGroup section */
		158A794E2EDC9721B61D9060 /* Frameworks */ = {
			isa = PBXGroup;
			children = (
				199A43D8C1CDF5094C03E0F5 /* Pods_Inspired_Flow.framework */,
			);
			name = Frameworks;
			sourceTree = "<group>";
		};
		239E568A1B3C77C900EDC511 = {
			isa = PBXGroup;
			children = (
				239E56951B3C77C900EDC511 /* Inspired-Flow */,
				239E56AB1B3C77C900EDC511 /* Inspired-FlowTests */,
				239E56941B3C77C900EDC511 /* Products */,
				E67E3B6C15031524F2087C69 /* Pods */,
				158A794E2EDC9721B61D9060 /* Frameworks */,
			);
			sourceTree = "<group>";
		};
		239E56941B3C77C900EDC511 /* Products */ = {
			isa = PBXGroup;
			children = (
				239E56931B3C77C900EDC511 /* Inspired-Flow.app */,
				239E56A81B3C77C900EDC511 /* Inspired-FlowTests.xctest */,
			);
			name = Products;
			sourceTree = "<group>";
		};
		239E56951B3C77C900EDC511 /* Inspired-Flow */ = {
			isa = PBXGroup;
			children = (
				239E56981B3C77C900EDC511 /* AppDelegate.swift */,
				239E569A1B3C77C900EDC511 /* ViewController.swift */,
				239E569C1B3C77C900EDC511 /* Main.storyboard */,
				239E569F1B3C77C900EDC511 /* Images.xcassets */,
				239E56A11B3C77C900EDC511 /* LaunchScreen.xib */,
				239E56961B3C77C900EDC511 /* Supporting Files */,
			);
			path = "Inspired-Flow";
			sourceTree = "<group>";
		};
		239E56961B3C77C900EDC511 /* Supporting Files */ = {
			isa = PBXGroup;
			children = (
				239E56971B3C77C900EDC511 /* Info.plist */,
			);
			name = "Supporting Files";
			sourceTree = "<group>";
		};
		239E56AB1B3C77C900EDC511 /* Inspired-FlowTests */ = {
			isa = PBXGroup;
			children = (
				239E56AE1B3C77C900EDC511 /* Inspired_FlowTests.swift */,
				239E56AC1B3C77C900EDC511 /* Supporting Files */,
			);
			path = "Inspired-FlowTests";
			sourceTree = "<group>";
		};
		239E56AC1B3C77C900EDC511 /* Supporting Files */ = {
			isa = PBXGroup;
			children = (
				239E56AD1B3C77C900EDC511 /* Info.plist */,
			);
			name = "Supporting Files";
			sourceTree = "<group>";
		};
		E67E3B6C15031524F2087C69 /* Pods */ = {
			isa = PBXGroup;
			children = (
				6B92B8DA2560F20D6C78DA21 /* Pods-Inspired-Flow.debug.xcconfig */,
				4BDA389F3177EEAA0D17E71D /* Pods-Inspired-Flow.release.xcconfig */,
			);
			name = Pods;
			sourceTree = "<group>";
		};
/* End PBXGroup section */

/* Begin PBXNativeTarget section */
		239E56921B3C77C900EDC511 /* Inspired-Flow */ = {
			isa = PBXNativeTarget;
			buildConfigurationList = 239E56B21B3C77C900EDC511 /* Build configuration list for PBXNativeTarget "Inspired-Flow" */;
			buildPhases = (
				6FC29F3B87CE28A45CC8DF69 /* Check Pods Manifest.lock */,
				239E568F1B3C77C900EDC511 /* Sources */,
				239E56901B3C77C900EDC511 /* Frameworks */,
				239E56911B3C77C900EDC511 /* Resources */,
				2C4A6FEAF2C4D8A68CEF6C16 /* Embed Pods Frameworks */,
				62A93E9ECDD06BCA08903653 /* Copy Pods Resources */,
			);
			buildRules = (
			);
			dependencies = (
			);
			name = "Inspired-Flow";
			productName = "Inspired-Flow";
			productReference = 239E56931B3C77C900EDC511 /* Inspired-Flow.app */;
			productType = "com.apple.product-type.application";
		};
		239E56A71B3C77C900EDC511 /* Inspired-FlowTests */ = {
			isa = PBXNativeTarget;
			buildConfigurationList = 239E56B51B3C77C900EDC511 /* Build configuration list for PBXNativeTarget "Inspired-FlowTests" */;
			buildPhases = (
				239E56A41B3C77C900EDC511 /* Sources */,
				239E56A51B3C77C900EDC511 /* Frameworks */,
				239E56A61B3C77C900EDC511 /* Resources */,
			);
			buildRules = (
			);
			dependencies = (
				239E56AA1B3C77C900EDC511 /* PBXTargetDependency */,
			);
			name = "Inspired-FlowTests";
			productName = "Inspired-FlowTests";
			productReference = 239E56A81B3C77C900EDC511 /* Inspired-FlowTests.xctest */;
			productType = "com.apple.product-type.bundle.unit-test";
		};
/* End PBXNativeTarget section */

/* Begin PBXProject section */
		239E568B1B3C77C900EDC511 /* Project object */ = {
			isa = PBXProject;
			attributes = {
				LastUpgradeCheck = 0630;
				ORGANIZATIONNAME = "Angel Baek";
				TargetAttributes = {
					239E56921B3C77C900EDC511 = {
						CreatedOnToolsVersion = 6.3.2;
					};
					239E56A71B3C77C900EDC511 = {
						CreatedOnToolsVersion = 6.3.2;
						TestTargetID = 239E56921B3C77C900EDC511;
					};
				};
			};
			buildConfigurationList = 239E568E1B3C77C900EDC511 /* Build configuration list for PBXProject "Inspired-Flow" */;
			compatibilityVersion = "Xcode 3.2";
			developmentRegion = English;
			hasScannedForEncodings = 0;
			knownRegions = (
				en,
				Base,
			);
			mainGroup = 239E568A1B3C77C900EDC511;
			productRefGroup = 239E56941B3C77C900EDC511 /* Products */;
			projectDirPath = "";
			projectRoot = "";
			targets = (
				239E56921B3C77C900EDC511 /* Inspired-Flow */,
				239E56A71B3C77C900EDC511 /* Inspired-FlowTests */,
			);
		};
/* End PBXProject section */

/* Begin PBXResourcesBuildPhase section */
		239E56911B3C77C900EDC511 /* Resources */ = {
			isa = PBXResourcesBuildPhase;
			buildActionMask = 2147483647;
			files = (
				239E569E1B3C77C900EDC511 /* Main.storyboard in Resources */,
				239E56A31B3C77C900EDC511 /* LaunchScreen.xib in Resources */,
				239E56A01B3C77C900EDC511 /* Images.xcassets in Resources */,
			);
			runOnlyForDeploymentPostprocessing = 0;
		};
		239E56A61B3C77C900EDC511 /* Resources */ = {
			isa = PBXResourcesBuildPhase;
			buildActionMask = 2147483647;
			files = (
			);
			runOnlyForDeploymentPostprocessing = 0;
		};
/* End PBXResourcesBuildPhase section */

/* Begin PBXShellScriptBuildPhase section */
		2C4A6FEAF2C4D8A68CEF6C16 /* Embed Pods Frameworks */ = {
			isa = PBXShellScriptBuildPhase;
			buildActionMask = 2147483647;
			files = (
			);
			inputPaths = (
			);
			name = "Embed Pods Frameworks";
			outputPaths = (
			);
			runOnlyForDeploymentPostprocessing = 0;
			shellPath = /bin/sh;
			shellScript = "\"${SRCROOT}/Pods/Target Support Files/Pods-Inspired-Flow/Pods-Inspired-Flow-frameworks.sh\"\n";
			showEnvVarsInLog = 0;
		};
		62A93E9ECDD06BCA08903653 /* Copy Pods Resources */ = {
			isa = PBXShellScriptBuildPhase;
			buildActionMask = 2147483647;
			files = (
			);
			inputPaths = (
			);
			name = "Copy Pods Resources";
			outputPaths = (
			);
			runOnlyForDeploymentPostprocessing = 0;
			shellPath = /bin/sh;
			shellScript = "\"${SRCROOT}/Pods/Target Support Files/Pods-Inspired-Flow/Pods-Inspired-Flow-resources.sh\"\n";
			showEnvVarsInLog = 0;
		};
		6FC29F3B87CE28A45CC8DF69 /* Check Pods Manifest.lock */ = {
			isa = PBXShellScriptBuildPhase;
			buildActionMask = 2147483647;
			files = (
			);
			inputPaths = (
			);
			name = "Check Pods Manifest.lock";
			outputPaths = (
			);
			runOnlyForDeploymentPostprocessing = 0;
			shellPath = /bin/sh;
			shellScript = "diff \"${PODS_ROOT}/../Podfile.lock\" \"${PODS_ROOT}/Manifest.lock\" > /dev/null\nif [[ $? != 0 ]] ; then\n    cat << EOM\nerror: The sandbox is not in sync with the Podfile.lock. Run 'pod install' or update your CocoaPods installation.\nEOM\n    exit 1\nfi\n";
			showEnvVarsInLog = 0;
		};
/* End PBXShellScriptBuildPhase section */

/* Begin PBXSourcesBuildPhase section */
		239E568F1B3C77C900EDC511 /* Sources */ = {
			isa = PBXSourcesBuildPhase;
			buildActionMask = 2147483647;
			files = (
				239E569B1B3C77C900EDC511 /* ViewController.swift in Sources */,
				239E56991B3C77C900EDC511 /* AppDelegate.swift in Sources */,
			);
			runOnlyForDeploymentPostprocessing = 0;
		};
		239E56A41B3C77C900EDC511 /* Sources */ = {
			isa = PBXSourcesBuildPhase;
			buildActionMask = 2147483647;
			files = (
				239E56AF1B3C77C900EDC511 /* Inspired_FlowTests.swift in Sources */,
			);
			runOnlyForDeploymentPostprocessing = 0;
		};
/* End PBXSourcesBuildPhase section */

/* Begin PBXTargetDependency section */
		239E56AA1B3C77C900EDC511 /* PBXTargetDependency */ = {
			isa = PBXTargetDependency;
			target = 239E56921B3C77C900EDC511 /* Inspired-Flow */;
			targetProxy = 239E56A91B3C77C900EDC511 /* PBXContainerItemProxy */;
		};
/* End PBXTargetDependency section */

/* Begin PBXVariantGroup section */
		239E569C1B3C77C900EDC511 /* Main.storyboard */ = {
			isa = PBXVariantGroup;
			children = (
				239E569D1B3C77C900EDC511 /* Base */,
			);
			name = Main.storyboard;
			sourceTree = "<group>";
		};
		239E56A11B3C77C900EDC511 /* LaunchScreen.xib */ = {
			isa = PBXVariantGroup;
			children = (
				239E56A21B3C77C900EDC511 /* Base */,
			);
			name = LaunchScreen.xib;
			sourceTree = "<group>";
		};
/* End PBXVariantGroup section */

/* Begin XCBuildConfiguration section */
		239E56B01B3C77C900EDC511 /* Debug */ = {
			isa = XCBuildConfiguration;
			buildSettings = {
				ALWAYS_SEARCH_USER_PATHS = NO;
				CLANG_CXX_LANGUAGE_STANDARD = "gnu++0x";
				CLANG_CXX_LIBRARY = "libc++";
				CLANG_ENABLE_MODULES = YES;
				CLANG_ENABLE_OBJC_ARC = YES;
				CLANG_WARN_BOOL_CONVERSION = YES;
				CLANG_WARN_CONSTANT_CONVERSION = YES;
				CLANG_WARN_DIRECT_OBJC_ISA_USAGE = YES_ERROR;
				CLANG_WARN_EMPTY_BODY = YES;
				CLANG_WARN_ENUM_CONVERSION = YES;
				CLANG_WARN_INT_CONVERSION = YES;
				CLANG_WARN_OBJC_ROOT_CLASS = YES_ERROR;
				CLANG_WARN_UNREACHABLE_CODE = YES;
				CLANG_WARN__DUPLICATE_METHOD_MATCH = YES;
				"CODE_SIGN_IDENTITY[sdk=iphoneos*]" = "iPhone Developer";
				COPY_PHASE_STRIP = NO;
				DEBUG_INFORMATION_FORMAT = "dwarf-with-dsym";
				ENABLE_STRICT_OBJC_MSGSEND = YES;
				GCC_C_LANGUAGE_STANDARD = gnu99;
				GCC_DYNAMIC_NO_PIC = NO;
				GCC_NO_COMMON_BLOCKS = YES;
				GCC_OPTIMIZATION_LEVEL = 0;
				GCC_PREPROCESSOR_DEFINITIONS = (
					"DEBUG=1",
					"$(inherited)",
				);
				GCC_SYMBOLS_PRIVATE_EXTERN = NO;
				GCC_WARN_64_TO_32_BIT_CONVERSION = YES;
				GCC_WARN_ABOUT_RETURN_TYPE = YES_ERROR;
				GCC_WARN_UNDECLARED_SELECTOR = YES;
				GCC_WARN_UNINITIALIZED_AUTOS = YES_AGGRESSIVE;
				GCC_WARN_UNUSED_FUNCTION = YES;
				GCC_WARN_UNUSED_VARIABLE = YES;
				IPHONEOS_DEPLOYMENT_TARGET = 8.3;
				MTL_ENABLE_DEBUG_INFO = YES;
				ONLY_ACTIVE_ARCH = YES;
				SDKROOT = iphoneos;
				SWIFT_OPTIMIZATION_LEVEL = "-Onone";
			};
			name = Debug;
		};
		239E56B11B3C77C900EDC511 /* Release */ = {
			isa = XCBuildConfiguration;
			buildSettings = {
				ALWAYS_SEARCH_USER_PATHS = NO;
				CLANG_CXX_LANGUAGE_STANDARD = "gnu++0x";
				CLANG_CXX_LIBRARY = "libc++";
				CLANG_ENABLE_MODULES = YES;
				CLANG_ENABLE_OBJC_ARC = YES;
				CLANG_WARN_BOOL_CONVERSION = YES;
				CLANG_WARN_CONSTANT_CONVERSION = YES;
				CLANG_WARN_DIRECT_OBJC_ISA_USAGE = YES_ERROR;
				CLANG_WARN_EMPTY_BODY = YES;
				CLANG_WARN_ENUM_CONVERSION = YES;
				CLANG_WARN_INT_CONVERSION = YES;
				CLANG_WARN_OBJC_ROOT_CLASS = YES_ERROR;
				CLANG_WARN_UNREACHABLE_CODE = YES;
				CLANG_WARN__DUPLICATE_METHOD_MATCH = YES;
				"CODE_SIGN_IDENTITY[sdk=iphoneos*]" = "iPhone Developer";
				COPY_PHASE_STRIP = NO;
				DEBUG_INFORMATION_FORMAT = "dwarf-with-dsym";
				ENABLE_NS_ASSERTIONS = NO;
				ENABLE_STRICT_OBJC_MSGSEND = YES;
				GCC_C_LANGUAGE_STANDARD = gnu99;
				GCC_NO_COMMON_BLOCKS = YES;
				GCC_WARN_64_TO_32_BIT_CONVERSION = YES;
				GCC_WARN_ABOUT_RETURN_TYPE = YES_ERROR;
				GCC_WARN_UNDECLARED_SELECTOR = YES;
				GCC_WARN_UNINITIALIZED_AUTOS = YES_AGGRESSIVE;
				GCC_WARN_UNUSED_FUNCTION = YES;
				GCC_WARN_UNUSED_VARIABLE = YES;
				IPHONEOS_DEPLOYMENT_TARGET = 8.3;
				MTL_ENABLE_DEBUG_INFO = NO;
				SDKROOT = iphoneos;
				VALIDATE_PRODUCT = YES;
			};
			name = Release;
		};
		239E56B31B3C77C900EDC511 /* Debug */ = {
			isa = XCBuildConfiguration;
			baseConfigurationReference = 6B92B8DA2560F20D6C78DA21 /* Pods-Inspired-Flow.debug.xcconfig */;
			buildSettings = {
				ASSETCATALOG_COMPILER_APPICON_NAME = AppIcon;
				INFOPLIST_FILE = "Inspired-Flow/Info.plist";
				LD_RUNPATH_SEARCH_PATHS = "$(inherited) @executable_path/Frameworks";
				PRODUCT_NAME = "$(TARGET_NAME)";
			};
			name = Debug;
		};
		239E56B41B3C77C900EDC511 /* Release */ = {
			isa = XCBuildConfiguration;
			baseConfigurationReference = 4BDA389F3177EEAA0D17E71D /* Pods-Inspired-Flow.release.xcconfig */;
			buildSettings = {
				ASSETCATALOG_COMPILER_APPICON_NAME = AppIcon;
				INFOPLIST_FILE = "Inspired-Flow/Info.plist";
				LD_RUNPATH_SEARCH_PATHS = "$(inherited) @executable_path/Frameworks";
				PRODUCT_NAME = "$(TARGET_NAME)";
			};
			name = Release;
		};
		239E56B61B3C77C900EDC511 /* Debug */ = {
			isa = XCBuildConfiguration;
			buildSettings = {
				BUNDLE_LOADER = "$(TEST_HOST)";
				FRAMEWORK_SEARCH_PATHS = (
					"$(SDKROOT)/Developer/Library/Frameworks",
					"$(inherited)",
				);
				GCC_PREPROCESSOR_DEFINITIONS = (
					"DEBUG=1",
					"$(inherited)",
				);
				INFOPLIST_FILE = "Inspired-FlowTests/Info.plist";
				LD_RUNPATH_SEARCH_PATHS = "$(inherited) @executable_path/Frameworks @loader_path/Frameworks";
				PRODUCT_NAME = "$(TARGET_NAME)";
				TEST_HOST = "$(BUILT_PRODUCTS_DIR)/Inspired-Flow.app/Inspired-Flow";
			};
			name = Debug;
		};
		239E56B71B3C77C900EDC511 /* Release */ = {
			isa = XCBuildConfiguration;
			buildSettings = {
				BUNDLE_LOADER = "$(TEST_HOST)";
				FRAMEWORK_SEARCH_PATHS = (
					"$(SDKROOT)/Developer/Library/Frameworks",
					"$(inherited)",
				);
				INFOPLIST_FILE = "Inspired-FlowTests/Info.plist";
				LD_RUNPATH_SEARCH_PATHS = "$(inherited) @executable_path/Frameworks @loader_path/Frameworks";
				PRODUCT_NAME = "$(TARGET_NAME)";
				TEST_HOST = "$(BUILT_PRODUCTS_DIR)/Inspired-Flow.app/Inspired-Flow";
			};
			name = Release;
		};
/* End XCBuildConfiguration section */

/* Begin XCConfigurationList section */
		239E568E1B3C77C900EDC511 /* Build configuration list for PBXProject "Inspired-Flow" */ = {
			isa = XCConfigurationList;
			buildConfigurations = (
				239E56B01B3C77C900EDC511 /* Debug */,
				239E56B11B3C77C900EDC511 /* Release */,
			);
			defaultConfigurationIsVisible = 0;
			defaultConfigurationName = Release;
		};
		239E56B21B3C77C900EDC511 /* Build configuration list for PBXNativeTarget "Inspired-Flow" */ = {
			isa = XCConfigurationList;
			buildConfigurations = (
				239E56B31B3C77C900EDC511 /* Debug */,
				239E56B41B3C77C900EDC511 /* Release */,
			);
			defaultConfigurationIsVisible = 0;
			defaultConfigurationName = Release;
		};
		239E56B51B3C77C900EDC511 /* Build configuration list for PBXNativeTarget "Inspired-FlowTests" */ = {
			isa = XCConfigurationList;
			buildConfigurations = (
				239E56B61B3C77C900EDC511 /* Debug */,
				239E56B71B3C77C900EDC511 /* Release */,
			);
			defaultConfigurationIsVisible = 0;
			defaultConfigurationName = Release;
		};
/* End XCConfigurationList section */
	};
	rootObject = 239E568B1B3C77C900EDC511 /* Project object */;
}
